// !$*UTF8*$!
{
	archiveVersion = 1;
	classes = {
	};
	objectVersion = 46;
	objects = {

/* Begin PBXBuildFile section */
		8C1608E01E0AE41C00651292 /* AppDelegate.swift in Sources */ = {isa = PBXBuildFile; fileRef = 8C1608DF1E0AE41C00651292 /* AppDelegate.swift */; };
		8C1608E21E0AE41C00651292 /* ViewController.swift in Sources */ = {isa = PBXBuildFile; fileRef = 8C1608E11E0AE41C00651292 /* ViewController.swift */; };
		8C1608E51E0AE41C00651292 /* Main.storyboard in Resources */ = {isa = PBXBuildFile; fileRef = 8C1608E31E0AE41C00651292 /* Main.storyboard */; };
		8C1608E71E0AE41C00651292 /* Assets.xcassets in Resources */ = {isa = PBXBuildFile; fileRef = 8C1608E61E0AE41C00651292 /* Assets.xcassets */; };
		8C1608EA1E0AE41C00651292 /* LaunchScreen.storyboard in Resources */ = {isa = PBXBuildFile; fileRef = 8C1608E81E0AE41C00651292 /* LaunchScreen.storyboard */; };
		8C1608F51E0AE41C00651292 /* Temperature_CalculatorTests.swift in Sources */ = {isa = PBXBuildFile; fileRef = 8C1608F41E0AE41C00651292 /* Temperature_CalculatorTests.swift */; };
/* End PBXBuildFile section */

/* Begin PBXContainerItemProxy section */
		8C1608F11E0AE41C00651292 /* PBXContainerItemProxy */ = {
			isa = PBXContainerItemProxy;
			containerPortal = 8C1608D41E0AE41C00651292 /* Project object */;
			proxyType = 1;
			remoteGlobalIDString = 8C1608DB1E0AE41C00651292;
			remoteInfo = "Temperature Calculator";
		};
/* End PBXContainerItemProxy section */

/* Begin PBXFileReference section */
		8C1608DC1E0AE41C00651292 /* Temperature Calculator.app */ = {isa = PBXFileReference; explicitFileType = wrapper.application; includeInIndex = 0; path = "Temperature Calculator.app"; sourceTree = BUILT_PRODUCTS_DIR; };
		8C1608DF1E0AE41C00651292 /* AppDelegate.swift */ = {isa = PBXFileReference; lastKnownFileType = sourcecode.swift; path = AppDelegate.swift; sourceTree = "<group>"; };
		8C1608E11E0AE41C00651292 /* ViewController.swift */ = {isa = PBXFileReference; lastKnownFileType = sourcecode.swift; path = ViewController.swift; sourceTree = "<group>"; };
		8C1608E41E0AE41C00651292 /* Base */ = {isa = PBXFileReference; lastKnownFileType = file.storyboard; name = Base; path = Base.lproj/Main.storyboard; sourceTree = "<group>"; };
		8C1608E61E0AE41C00651292 /* Assets.xcassets */ = {isa = PBXFileReference; lastKnownFileType = folder.assetcatalog; path = Assets.xcassets; sourceTree = "<group>"; };
		8C1608E91E0AE41C00651292 /* Base */ = {isa = PBXFileReference; lastKnownFileType = file.storyboard; name = Base; path = Base.lproj/LaunchScreen.storyboard; sourceTree = "<group>"; };
		8C1608EB1E0AE41C00651292 /* Info.plist */ = {isa = PBXFileReference; lastKnownFileType = text.plist.xml; path = Info.plist; sourceTree = "<group>"; };
		8C1608F01E0AE41C00651292 /* Temperature CalculatorTests.xctest */ = {isa = PBXFileReference; explicitFileType = wrapper.cfbundle; includeInIndex = 0; path = "Temperature CalculatorTests.xctest"; sourceTree = BUILT_PRODUCTS_DIR; };
		8C1608F41E0AE41C00651292 /* Temperature_CalculatorTests.swift */ = {isa = PBXFileReference; lastKnownFileType = sourcecode.swift; path = Temperature_CalculatorTests.swift; sourceTree = "<group>"; };
		8C1608F61E0AE41C00651292 /* Info.plist */ = {isa = PBXFileReference; lastKnownFileType = text.plist.xml; path = Info.plist; sourceTree = "<group>"; };
/* End PBXFileReference section */

/* Begin PBXFrameworksBuildPhase section */
		8C1608D91E0AE41C00651292 /* Frameworks */ = {
			isa = PBXFrameworksBuildPhase;
			buildActionMask = 2147483647;
			files = (
			);
			runOnlyForDeploymentPostprocessing = 0;
		};
		8C1608ED1E0AE41C00651292 /* Frameworks */ = {
			isa = PBXFrameworksBuildPhase;
			buildActionMask = 2147483647;
			files = (
			);
			runOnlyForDeploymentPostprocessing = 0;
		};
/* End PBXFrameworksBuildPhase section */

/* Begin PBXGroup section */
		8C1608D31E0AE41C00651292 = {
			isa = PBXGroup;
			children = (
				8C1608DE1E0AE41C00651292 /* Temperature Calculator */,
				8C1608F31E0AE41C00651292 /* Temperature CalculatorTests */,
				8C1608DD1E0AE41C00651292 /* Products */,
			);
			sourceTree = "<group>";
		};
		8C1608DD1E0AE41C00651292 /* Products */ = {
			isa = PBXGroup;
			children = (
				8C1608DC1E0AE41C00651292 /* Temperature Calculator.app */,
				8C1608F01E0AE41C00651292 /* Temperature CalculatorTests.xctest */,
			);
			name = Products;
			sourceTree = "<group>";
		};
		8C1608DE1E0AE41C00651292 /* Temperature Calculator */ = {
			isa = PBXGroup;
			children = (
				8C1608DF1E0AE41C00651292 /* AppDelegate.swift */,
				8C1608E11E0AE41C00651292 /* ViewController.swift */,
				8C1608E31E0AE41C00651292 /* Main.storyboard */,
				8C1608E61E0AE41C00651292 /* Assets.xcassets */,
				8C1608E81E0AE41C00651292 /* LaunchScreen.storyboard */,
				8C1608EB1E0AE41C00651292 /* Info.plist */,
			);
			path = "Temperature Calculator";
			sourceTree = "<group>";
		};
		8C1608F31E0AE41C00651292 /* Temperature CalculatorTests */ = {
			isa = PBXGroup;
			children = (
				8C1608F41E0AE41C00651292 /* Temperature_CalculatorTests.swift */,
				8C1608F61E0AE41C00651292 /* Info.plist */,
			);
			path = "Temperature CalculatorTests";
			sourceTree = "<group>";
		};
/* End PBXGroup section */

/* Begin PBXNativeTarget section */
		8C1608DB1E0AE41C00651292 /* Temperature Calculator */ = {
			isa = PBXNativeTarget;
			buildConfigurationList = 8C1608F91E0AE41C00651292 /* Build configuration list for PBXNativeTarget "Temperature Calculator" */;
			buildPhases = (
				8C1608D81E0AE41C00651292 /* Sources */,
				8C1608D91E0AE41C00651292 /* Frameworks */,
				8C1608DA1E0AE41C00651292 /* Resources */,
			);
			buildRules = (
			);
			dependencies = (
			);
			name = "Temperature Calculator";
			productName = "Temperature Calculator";
			productReference = 8C1608DC1E0AE41C00651292 /* Temperature Calculator.app */;
			productType = "com.apple.product-type.application";
		};
		8C1608EF1E0AE41C00651292 /* Temperature CalculatorTests */ = {
			isa = PBXNativeTarget;
			buildConfigurationList = 8C1608FC1E0AE41C00651292 /* Build configuration list for PBXNativeTarget "Temperature CalculatorTests" */;
			buildPhases = (
				8C1608EC1E0AE41C00651292 /* Sources */,
				8C1608ED1E0AE41C00651292 /* Frameworks */,
				8C1608EE1E0AE41C00651292 /* Resources */,
			);
			buildRules = (
			);
			dependencies = (
				8C1608F21E0AE41C00651292 /* PBXTargetDependency */,
			);
			name = "Temperature CalculatorTests";
			productName = "Temperature CalculatorTests";
			productReference = 8C1608F01E0AE41C00651292 /* Temperature CalculatorTests.xctest */;
			productType = "com.apple.product-type.bundle.unit-test";
		};
/* End PBXNativeTarget section */

/* Begin PBXProject section */
		8C1608D41E0AE41C00651292 /* Project object */ = {
			isa = PBXProject;
			attributes = {
				LastSwiftUpdateCheck = 0810;
				LastUpgradeCheck = 0810;
				ORGANIZATIONNAME = "Sebastian Lange";
				TargetAttributes = {
					8C1608DB1E0AE41C00651292 = {
						CreatedOnToolsVersion = 8.1;
						ProvisioningStyle = Automatic;
					};
					8C1608EF1E0AE41C00651292 = {
						CreatedOnToolsVersion = 8.1;
						ProvisioningStyle = Automatic;
						TestTargetID = 8C1608DB1E0AE41C00651292;
					};
				};
			};
			buildConfigurationList = 8C1608D71E0AE41C00651292 /* Build configuration list for PBXProject "Temperature Calculator" */;
			compatibilityVersion = "Xcode 3.2";
			developmentRegion = English;
			hasScannedForEncodings = 0;
			knownRegions = (
				en,
				Base,
			);
			mainGroup = 8C1608D31E0AE41C00651292;
			productRefGroup = 8C1608DD1E0AE41C00651292 /* Products */;
			projectDirPath = "";
			projectRoot = "";
			targets = (
				8C1608DB1E0AE41C00651292 /* Temperature Calculator */,
				8C1608EF1E0AE41C00651292 /* Temperature CalculatorTests */,
			);
		};
/* End PBXProject section */

/* Begin PBXResourcesBuildPhase section */
		8C1608DA1E0AE41C00651292 /* Resources */ = {
			isa = PBXResourcesBuildPhase;
			buildActionMask = 2147483647;
			files = (
				8C1608EA1E0AE41C00651292 /* LaunchScreen.storyboard in Resources */,
				8C1608E71E0AE41C00651292 /* Assets.xcassets in Resources */,
				8C1608E51E0AE41C00651292 /* Main.storyboard in Resources */,
			);
			runOnlyForDeploymentPostprocessing = 0;
		};
		8C1608EE1E0AE41C00651292 /* Resources */ = {
			isa = PBXResourcesBuildPhase;
			buildActionMask = 2147483647;
			files = (
			);
			runOnlyForDeploymentPostprocessing = 0;
		};
/* End PBXResourcesBuildPhase section */

/* Begin PBXSourcesBuildPhase section */
		8C1608D81E0AE41C00651292 /* Sources */ = {
			isa = PBXSourcesBuildPhase;
			buildActionMask = 2147483647;
			files = (
				8C1608E21E0AE41C00651292 /* ViewController.swift in Sources */,
				8C1608E01E0AE41C00651292 /* AppDelegate.swift in Sources */,
			);
			runOnlyForDeploymentPostprocessing = 0;
		};
		8C1608EC1E0AE41C00651292 /* Sources */ = {
			isa = PBXSourcesBuildPhase;
			buildActionMask = 2147483647;
			files = (
				8C1608F51E0AE41C00651292 /* Temperature_CalculatorTests.swift in Sources */,
			);
			runOnlyForDeploymentPostprocessing = 0;
		};
/* End PBXSourcesBuildPhase section */

/* Begin PBXTargetDependency section */
		8C1608F21E0AE41C00651292 /* PBXTargetDependency */ = {
			isa = PBXTargetDependency;
			target = 8C1608DB1E0AE41C00651292 /* Temperature Calculator */;
			targetProxy = 8C1608F11E0AE41C00651292 /* PBXContainerItemProxy */;
		};
/* End PBXTargetDependency section */

/* Begin PBXVariantGroup section */
		8C1608E31E0AE41C00651292 /* Main.storyboard */ = {
			isa = PBXVariantGroup;
			children = (
				8C1608E41E0AE41C00651292 /* Base */,
			);
			name = Main.storyboard;
			sourceTree = "<group>";
		};
		8C1608E81E0AE41C00651292 /* LaunchScreen.storyboard */ = {
			isa = PBXVariantGroup;
			children = (
				8C1608E91E0AE41C00651292 /* Base */,
			);
			name = LaunchScreen.storyboard;
			sourceTree = "<group>";
		};
/* End PBXVariantGroup section */

/* Begin XCBuildConfiguration section */
		8C1608F71E0AE41C00651292 /* Debug */ = {
			isa = XCBuildConfiguration;
			buildSettings = {
				ALWAYS_SEARCH_USER_PATHS = NO;
				CLANG_ANALYZER_NONNULL = YES;
				CLANG_CXX_LANGUAGE_STANDARD = "gnu++0x";
				CLANG_CXX_LIBRARY = "libc++";
				CLANG_ENABLE_MODULES = YES;
				CLANG_ENABLE_OBJC_ARC = YES;
				CLANG_WARN_BOOL_CONVERSION = YES;
				CLANG_WARN_CONSTANT_CONVERSION = YES;
				CLANG_WARN_DIRECT_OBJC_ISA_USAGE = YES_ERROR;
				CLANG_WARN_DOCUMENTATION_COMMENTS = YES;
				CLANG_WARN_EMPTY_BODY = YES;
				CLANG_WARN_ENUM_CONVERSION = YES;
				CLANG_WARN_INFINITE_RECURSION = YES;
				CLANG_WARN_INT_CONVERSION = YES;
				CLANG_WARN_OBJC_ROOT_CLASS = YES_ERROR;
				CLANG_WARN_SUSPICIOUS_MOVES = YES;
				CLANG_WARN_UNREACHABLE_CODE = YES;
				CLANG_WARN__DUPLICATE_METHOD_MATCH = YES;
				"CODE_SIGN_IDENTITY[sdk=iphoneos*]" = "iPhone Developer";
				COPY_PHASE_STRIP = NO;
				DEBUG_INFORMATION_FORMAT = dwarf;
				ENABLE_STRICT_OBJC_MSGSEND = YES;
				ENABLE_TESTABILITY = YES;
				GCC_C_LANGUAGE_STANDARD = gnu99;
				GCC_DYNAMIC_NO_PIC = NO;
				GCC_NO_COMMON_BLOCKS = YES;
				GCC_OPTIMIZATION_LEVEL = 0;
				GCC_PREPROCESSOR_DEFINITIONS = (
					"DEBUG=1",
					"$(inherited)",
				);
				GCC_WARN_64_TO_32_BIT_CONVERSION = YES;
				GCC_WARN_ABOUT_RETURN_TYPE = YES_ERROR;
				GCC_WARN_UNDECLARED_SELECTOR = YES;
				GCC_WARN_UNINITIALIZED_AUTOS = YES_AGGRESSIVE;
				GCC_WARN_UNUSED_FUNCTION = YES;
				GCC_WARN_UNUSED_VARIABLE = YES;
				IPHONEOS_DEPLOYMENT_TARGET = 10.1;
				MTL_ENABLE_DEBUG_INFO = YES;
				ONLY_ACTIVE_ARCH = YES;
				SDKROOT = iphoneos;
				SWIFT_ACTIVE_COMPILATION_CONDITIONS = DEBUG;
				SWIFT_OPTIMIZATION_LEVEL = "-Onone";
				TARGETED_DEVICE_FAMILY = "1,2";
			};
			name = Debug;
		};
		8C1608F81E0AE41C00651292 /* Release */ = {
			isa = XCBuildConfiguration;
			buildSettings = {
				ALWAYS_SEARCH_USER_PATHS = NO;
				CLANG_ANALYZER_NONNULL = YES;
				CLANG_CXX_LANGUAGE_STANDARD = "gnu++0x";
				CLANG_CXX_LIBRARY = "libc++";
				CLANG_ENABLE_MODULES = YES;
				CLANG_ENABLE_OBJC_ARC = YES;
				CLANG_WARN_BOOL_CONVERSION = YES;
				CLANG_WARN_CONSTANT_CONVERSION = YES;
				CLANG_WARN_DIRECT_OBJC_ISA_USAGE = YES_ERROR;
				CLANG_WARN_DOCUMENTATION_COMMENTS = YES;
				CLANG_WARN_EMPTY_BODY = YES;
				CLANG_WARN_ENUM_CONVERSION = YES;
				CLANG_WARN_INFINITE_RECURSION = YES;
				CLANG_WARN_INT_CONVERSION = YES;
				CLANG_WARN_OBJC_ROOT_CLASS = YES_ERROR;
				CLANG_WARN_SUSPICIOUS_MOVES = YES;
				CLANG_WARN_UNREACHABLE_CODE = YES;
				CLANG_WARN__DUPLICATE_METHOD_MATCH = YES;
				"CODE_SIGN_IDENTITY[sdk=iphoneos*]" = "iPhone Developer";
				COPY_PHASE_STRIP = NO;
				DEBUG_INFORMATION_FORMAT = "dwarf-with-dsym";
				ENABLE_NS_ASSERTIONS = NO;
				ENABLE_STRICT_OBJC_MSGSEND = YES;
				GCC_C_LANGUAGE_STANDARD = gnu99;
				GCC_NO_COMMON_BLOCKS = YES;
				GCC_WARN_64_TO_32_BIT_CONVERSION = YES;
				GCC_WARN_ABOUT_RETURN_TYPE = YES_ERROR;
				GCC_WARN_UNDECLARED_SELECTOR = YES;
				GCC_WARN_UNINITIALIZED_AUTOS = YES_AGGRESSIVE;
				GCC_WARN_UNUSED_FUNCTION = YES;
				GCC_WARN_UNUSED_VARIABLE = YES;
				IPHONEOS_DEPLOYMENT_TARGET = 10.1;
				MTL_ENABLE_DEBUG_INFO = NO;
				SDKROOT = iphoneos;
				SWIFT_OPTIMIZATION_LEVEL = "-Owholemodule";
				TARGETED_DEVICE_FAMILY = "1,2";
				VALIDATE_PRODUCT = YES;
			};
			name = Release;
		};
		8C1608FA1E0AE41C00651292 /* Debug */ = {
			isa = XCBuildConfiguration;
			buildSettings = {
				ASSETCATALOG_COMPILER_APPICON_NAME = AppIcon;
				INFOPLIST_FILE = "Temperature Calculator/Info.plist";
				LD_RUNPATH_SEARCH_PATHS = "$(inherited) @executable_path/Frameworks";
				PRODUCT_BUNDLE_IDENTIFIER = "sl.Temperature-Calculator";
				PRODUCT_NAME = "$(TARGET_NAME)";
				SWIFT_VERSION = 3.0;
			};
			name = Debug;
		};
		8C1608FB1E0AE41C00651292 /* Release */ = {
			isa = XCBuildConfiguration;
			buildSettings = {
				ASSETCATALOG_COMPILER_APPICON_NAME = AppIcon;
				INFOPLIST_FILE = "Temperature Calculator/Info.plist";
				LD_RUNPATH_SEARCH_PATHS = "$(inherited) @executable_path/Frameworks";
				PRODUCT_BUNDLE_IDENTIFIER = "sl.Temperature-Calculator";
				PRODUCT_NAME = "$(TARGET_NAME)";
				SWIFT_VERSION = 3.0;
			};
			name = Release;
		};
		8C1608FD1E0AE41C00651292 /* Debug */ = {
			isa = XCBuildConfiguration;
			buildSettings = {
				ALWAYS_EMBED_SWIFT_STANDARD_LIBRARIES = YES;
				BUNDLE_LOADER = "$(TEST_HOST)";
				INFOPLIST_FILE = "Temperature CalculatorTests/Info.plist";
				LD_RUNPATH_SEARCH_PATHS = "$(inherited) @executable_path/Frameworks @loader_path/Frameworks";
				PRODUCT_BUNDLE_IDENTIFIER = "sl.Temperature-CalculatorTests";
				PRODUCT_NAME = "$(TARGET_NAME)";
				SWIFT_VERSION = 3.0;
				TEST_HOST = "$(BUILT_PRODUCTS_DIR)/Temperature Calculator.app/Temperature Calculator";
			};
			name = Debug;
		};
		8C1608FE1E0AE41C00651292 /* Release */ = {
			isa = XCBuildConfiguration;
			buildSettings = {
				ALWAYS_EMBED_SWIFT_STANDARD_LIBRARIES = YES;
				BUNDLE_LOADER = "$(TEST_HOST)";
				INFOPLIST_FILE = "Temperature CalculatorTests/Info.plist";
				LD_RUNPATH_SEARCH_PATHS = "$(inherited) @executable_path/Frameworks @loader_path/Frameworks";
				PRODUCT_BUNDLE_IDENTIFIER = "sl.Temperature-CalculatorTests";
				PRODUCT_NAME = "$(TARGET_NAME)";
				SWIFT_VERSION = 3.0;
				TEST_HOST = "$(BUILT_PRODUCTS_DIR)/Temperature Calculator.app/Temperature Calculator";
			};
			name = Release;
		};
/* End XCBuildConfiguration section */

/* Begin XCConfigurationList section */
		8C1608D71E0AE41C00651292 /* Build configuration list for PBXProject "Temperature Calculator" */ = {
			isa = XCConfigurationList;
			buildConfigurations = (
				8C1608F71E0AE41C00651292 /* Debug */,
				8C1608F81E0AE41C00651292 /* Release */,
			);
			defaultConfigurationIsVisible = 0;
			defaultConfigurationName = Release;
		};
		8C1608F91E0AE41C00651292 /* Build configuration list for PBXNativeTarget "Temperature Calculator" */ = {
			isa = XCConfigurationList;
			buildConfigurations = (
				8C1608FA1E0AE41C00651292 /* Debug */,
				8C1608FB1E0AE41C00651292 /* Release */,
			);
			defaultConfigurationIsVisible = 0;
		};
		8C1608FC1E0AE41C00651292 /* Build configuration list for PBXNativeTarget "Temperature CalculatorTests" */ = {
			isa = XCConfigurationList;
			buildConfigurations = (
				8C1608FD1E0AE41C00651292 /* Debug */,
				8C1608FE1E0AE41C00651292 /* Release */,
			);
			defaultConfigurationIsVisible = 0;
		};
/* End XCConfigurationList section */
	};
	rootObject = 8C1608D41E0AE41C00651292 /* Project object */;
}
